
Microsoft Visual Studio Solution File, Format Version 12.00
# Visual Studio Version 17
VisualStudioVersion = 17.14.36301.6
MinimumVisualStudioVersion = 10.0.40219.1
Project("{FAE04EC0-301F-11D3-BF4B-00C04F79EFBC}") = "AuthService", "AuthService\AuthService.csproj", "{A461BA4C-2D6E-4136-B7FA-60215525A6C5}"
EndProject
Project("{FAE04EC0-301F-11D3-BF4B-00C04F79EFBC}") = "AuthService.Tests", "AuthService.Tests\AuthService.Tests.csproj", "{0E32AB9B-1075-4A17-A75A-0C6DDA8ED945}"
EndProject
Global
	GlobalSection(SolutionConfigurationPlatforms) = preSolution
		Debug|Any CPU = Debug|Any CPU
		Debug|x64 = Debug|x64
		Debug|x86 = Debug|x86
		Release|Any CPU = Release|Any CPU
		Release|x64 = Release|x64
		Release|x86 = Release|x86
	EndGlobalSection
	GlobalSection(ProjectConfigurationPlatforms) = postSolution
		{A461BA4C-2D6E-4136-B7FA-60215525A6C5}.Debug|Any CPU.ActiveCfg = Debug|Any CPU
		{A461BA4C-2D6E-4136-B7FA-60215525A6C5}.Debug|Any CPU.Build.0 = Debug|Any CPU
		{A461BA4C-2D6E-4136-B7FA-60215525A6C5}.Debug|x64.ActiveCfg = Debug|Any CPU
		{A461BA4C-2D6E-4136-B7FA-60215525A6C5}.Debug|x64.Build.0 = Debug|Any CPU
		{A461BA4C-2D6E-4136-B7FA-60215525A6C5}.Debug|x86.ActiveCfg = Debug|Any CPU
		{A461BA4C-2D6E-4136-B7FA-60215525A6C5}.Debug|x86.Build.0 = Debug|Any CPU
		{A461BA4C-2D6E-4136-B7FA-60215525A6C5}.Release|Any CPU.ActiveCfg = Release|Any CPU
		{A461BA4C-2D6E-4136-B7FA-60215525A6C5}.Release|Any CPU.Build.0 = Release|Any CPU
		{A461BA4C-2D6E-4136-B7FA-60215525A6C5}.Release|x64.ActiveCfg = Release|Any CPU
		{A461BA4C-2D6E-4136-B7FA-60215525A6C5}.Release|x64.Build.0 = Release|Any CPU
		{A461BA4C-2D6E-4136-B7FA-60215525A6C5}.Release|x86.ActiveCfg = Release|Any CPU
		{A461BA4C-2D6E-4136-B7FA-60215525A6C5}.Release|x86.Build.0 = Release|Any CPU
		{0E32AB9B-1075-4A17-A75A-0C6DDA8ED945}.Debug|Any CPU.ActiveCfg = Debug|Any CPU
		{0E32AB9B-1075-4A17-A75A-0C6DDA8ED945}.Debug|Any CPU.Build.0 = Debug|Any CPU
		{0E32AB9B-1075-4A17-A75A-0C6DDA8ED945}.Debug|x64.ActiveCfg = Debug|Any CPU
		{0E32AB9B-1075-4A17-A75A-0C6DDA8ED945}.Debug|x64.Build.0 = Debug|Any CPU
		{0E32AB9B-1075-4A17-A75A-0C6DDA8ED945}.Debug|x86.ActiveCfg = Debug|Any CPU
		{0E32AB9B-1075-4A17-A75A-0C6DDA8ED945}.Debug|x86.Build.0 = Debug|Any CPU
		{0E32AB9B-1075-4A17-A75A-0C6DDA8ED945}.Release|Any CPU.ActiveCfg = Release|Any CPU
		{0E32AB9B-1075-4A17-A75A-0C6DDA8ED945}.Release|Any CPU.Build.0 = Release|Any CPU
		{0E32AB9B-1075-4A17-A75A-0C6DDA8ED945}.Release|x64.ActiveCfg = Release|Any CPU
		{0E32AB9B-1075-4A17-A75A-0C6DDA8ED945}.Release|x64.Build.0 = Release|Any CPU
		{0E32AB9B-1075-4A17-A75A-0C6DDA8ED945}.Release|x86.ActiveCfg = Release|Any CPU
		{0E32AB9B-1075-4A17-A75A-0C6DDA8ED945}.Release|x86.Build.0 = Release|Any CPU
	EndGlobalSection
	GlobalSection(SolutionProperties) = preSolution
		HideSolutionNode = FALSE
	EndGlobalSection
	GlobalSection(ExtensibilityGlobals) = postSolution
		SolutionGuid = {58EB344F-9891-400B-AE51-41D20AC32370}
	EndGlobalSection
EndGlobal
